// !$*UTF8*$!
{
	archiveVersion = 1;
	classes = {
	};
	objectVersion = 50;
	objects = {

/* Begin PBXBuildFile section */
		F1E25C842077D622009CC50E /* AppDelegate.swift in Sources */ = {isa = PBXBuildFile; fileRef = F1E25C832077D622009CC50E /* AppDelegate.swift */; };
		F1E25C862077D622009CC50E /* GestureViewController.swift in Sources */ = {isa = PBXBuildFile; fileRef = F1E25C852077D622009CC50E /* GestureViewController.swift */; };
		F1E25C8B2077D623009CC50E /* Assets.xcassets in Resources */ = {isa = PBXBuildFile; fileRef = F1E25C8A2077D623009CC50E /* Assets.xcassets */; };
		F1E25C8E2077D623009CC50E /* LaunchScreen.storyboard in Resources */ = {isa = PBXBuildFile; fileRef = F1E25C8C2077D623009CC50E /* LaunchScreen.storyboard */; };
		F1E25C962077D731009CC50E /* Main.storyboard in Resources */ = {isa = PBXBuildFile; fileRef = F1E25C952077D731009CC50E /* Main.storyboard */; };
		F1E25C982077E87E009CC50E /* GestureViewControllerDelegate.swift in Sources */ = {isa = PBXBuildFile; fileRef = F1E25C972077E87E009CC50E /* GestureViewControllerDelegate.swift */; };
		F1E25C9A2077EC85009CC50E /* GestureView.swift in Sources */ = {isa = PBXBuildFile; fileRef = F1E25C992077EC85009CC50E /* GestureView.swift */; };
		F1E25C9C20780439009CC50E /* ViewController.swift in Sources */ = {isa = PBXBuildFile; fileRef = F1E25C9B20780439009CC50E /* ViewController.swift */; };
/* End PBXBuildFile section */

/* Begin PBXFileReference section */
		F1E25C802077D622009CC50E /* GestureViewController.app */ = {isa = PBXFileReference; explicitFileType = wrapper.application; includeInIndex = 0; path = GestureViewController.app; sourceTree = BUILT_PRODUCTS_DIR; };
		F1E25C832077D622009CC50E /* AppDelegate.swift */ = {isa = PBXFileReference; lastKnownFileType = sourcecode.swift; path = AppDelegate.swift; sourceTree = "<group>"; };
		F1E25C852077D622009CC50E /* GestureViewController.swift */ = {isa = PBXFileReference; lastKnownFileType = sourcecode.swift; path = GestureViewController.swift; sourceTree = "<group>"; };
		F1E25C8A2077D623009CC50E /* Assets.xcassets */ = {isa = PBXFileReference; lastKnownFileType = folder.assetcatalog; path = Assets.xcassets; sourceTree = "<group>"; };
		F1E25C8D2077D623009CC50E /* Base */ = {isa = PBXFileReference; lastKnownFileType = file.storyboard; name = Base; path = Base.lproj/LaunchScreen.storyboard; sourceTree = "<group>"; };
		F1E25C8F2077D623009CC50E /* Info.plist */ = {isa = PBXFileReference; lastKnownFileType = text.plist.xml; path = Info.plist; sourceTree = "<group>"; };
		F1E25C952077D731009CC50E /* Main.storyboard */ = {isa = PBXFileReference; lastKnownFileType = file.storyboard; path = Main.storyboard; sourceTree = "<group>"; };
		F1E25C972077E87E009CC50E /* GestureViewControllerDelegate.swift */ = {isa = PBXFileReference; lastKnownFileType = sourcecode.swift; path = GestureViewControllerDelegate.swift; sourceTree = "<group>"; };
		F1E25C992077EC85009CC50E /* GestureView.swift */ = {isa = PBXFileReference; lastKnownFileType = sourcecode.swift; path = GestureView.swift; sourceTree = "<group>"; };
		F1E25C9B20780439009CC50E /* ViewController.swift */ = {isa = PBXFileReference; lastKnownFileType = sourcecode.swift; path = ViewController.swift; sourceTree = "<group>"; };
/* End PBXFileReference section */

/* Begin PBXFrameworksBuildPhase section */
		F1E25C7D2077D622009CC50E /* Frameworks */ = {
			isa = PBXFrameworksBuildPhase;
			buildActionMask = 2147483647;
			files = (
			);
			runOnlyForDeploymentPostprocessing = 0;
		};
/* End PBXFrameworksBuildPhase section */

/* Begin PBXGroup section */
		F1E25C772077D622009CC50E = {
			isa = PBXGroup;
			children = (
				F1E25C822077D622009CC50E /* GestureViewController */,
				F1E25C812077D622009CC50E /* Products */,
			);
			sourceTree = "<group>";
		};
		F1E25C812077D622009CC50E /* Products */ = {
			isa = PBXGroup;
			children = (
				F1E25C802077D622009CC50E /* GestureViewController.app */,
			);
			name = Products;
			sourceTree = "<group>";
		};
		F1E25C822077D622009CC50E /* GestureViewController */ = {
			isa = PBXGroup;
			children = (
				F1E25C832077D622009CC50E /* AppDelegate.swift */,
				F1E25C992077EC85009CC50E /* GestureView.swift */,
				F1E25C852077D622009CC50E /* GestureViewController.swift */,
				F1E25C972077E87E009CC50E /* GestureViewControllerDelegate.swift */,
				F1E25C9B20780439009CC50E /* ViewController.swift */,
				F1E25C952077D731009CC50E /* Main.storyboard */,
				F1E25C8A2077D623009CC50E /* Assets.xcassets */,
				F1E25C8C2077D623009CC50E /* LaunchScreen.storyboard */,
				F1E25C8F2077D623009CC50E /* Info.plist */,
			);
			path = GestureViewController;
			sourceTree = "<group>";
		};
/* End PBXGroup section */

/* Begin PBXNativeTarget section */
		F1E25C7F2077D622009CC50E /* GestureViewController */ = {
			isa = PBXNativeTarget;
			buildConfigurationList = F1E25C922077D623009CC50E /* Build configuration list for PBXNativeTarget "GestureViewController" */;
			buildPhases = (
				F1E25C7C2077D622009CC50E /* Sources */,
				F1E25C7D2077D622009CC50E /* Frameworks */,
				F1E25C7E2077D622009CC50E /* Resources */,
			);
			buildRules = (
			);
			dependencies = (
			);
			name = GestureViewController;
			productName = GestureViewController;
			productReference = F1E25C802077D622009CC50E /* GestureViewController.app */;
			productType = "com.apple.product-type.application";
		};
/* End PBXNativeTarget section */

/* Begin PBXProject section */
		F1E25C782077D622009CC50E /* Project object */ = {
			isa = PBXProject;
			attributes = {
				LastSwiftUpdateCheck = 0930;
				LastUpgradeCheck = 0930;
				ORGANIZATIONNAME = "Hao Guan";
				TargetAttributes = {
					F1E25C7F2077D622009CC50E = {
						CreatedOnToolsVersion = 9.3;
					};
				};
			};
			buildConfigurationList = F1E25C7B2077D622009CC50E /* Build configuration list for PBXProject "GestureViewController" */;
			compatibilityVersion = "Xcode 9.3";
			developmentRegion = en;
			hasScannedForEncodings = 0;
			knownRegions = (
				en,
				Base,
			);
			mainGroup = F1E25C772077D622009CC50E;
			productRefGroup = F1E25C812077D622009CC50E /* Products */;
			projectDirPath = "";
			projectRoot = "";
			targets = (
				F1E25C7F2077D622009CC50E /* GestureViewController */,
			);
		};
/* End PBXProject section */

/* Begin PBXResourcesBuildPhase section */
		F1E25C7E2077D622009CC50E /* Resources */ = {
			isa = PBXResourcesBuildPhase;
			buildActionMask = 2147483647;
			files = (
				F1E25C962077D731009CC50E /* Main.storyboard in Resources */,
				F1E25C8E2077D623009CC50E /* LaunchScreen.storyboard in Resources */,
				F1E25C8B2077D623009CC50E /* Assets.xcassets in Resources */,
			);
			runOnlyForDeploymentPostprocessing = 0;
		};
/* End PBXResourcesBuildPhase section */

/* Begin PBXSourcesBuildPhase section */
		F1E25C7C2077D622009CC50E /* Sources */ = {
			isa = PBXSourcesBuildPhase;
			buildActionMask = 2147483647;
			files = (
				F1E25C9C20780439009CC50E /* ViewController.swift in Sources */,
				F1E25C982077E87E009CC50E /* GestureViewControllerDelegate.swift in Sources */,
				F1E25C862077D622009CC50E /* GestureViewController.swift in Sources */,
				F1E25C9A2077EC85009CC50E /* GestureView.swift in Sources */,
				F1E25C842077D622009CC50E /* AppDelegate.swift in Sources */,
			);
			runOnlyForDeploymentPostprocessing = 0;
		};
/* End PBXSourcesBuildPhase section */

/* Begin PBXVariantGroup section */
		F1E25C8C2077D623009CC50E /* LaunchScreen.storyboard */ = {
			isa = PBXVariantGroup;
			children = (
				F1E25C8D2077D623009CC50E /* Base */,
			);
			name = LaunchScreen.storyboard;
			sourceTree = "<group>";
		};
/* End PBXVariantGroup section */

/* Begin XCBuildConfiguration section */
		F1E25C902077D623009CC50E /* Debug */ = {
			isa = XCBuildConfiguration;
			buildSettings = {
				ALWAYS_SEARCH_USER_PATHS = NO;
				CLANG_ANALYZER_NONNULL = YES;
				CLANG_ANALYZER_NUMBER_OBJECT_CONVERSION = YES_AGGRESSIVE;
				CLANG_CXX_LANGUAGE_STANDARD = "gnu++14";
				CLANG_CXX_LIBRARY = "libc++";
				CLANG_ENABLE_MODULES = YES;
				CLANG_ENABLE_OBJC_ARC = YES;
				CLANG_ENABLE_OBJC_WEAK = YES;
				CLANG_WARN_BLOCK_CAPTURE_AUTORELEASING = YES;
				CLANG_WARN_BOOL_CONVERSION = YES;
				CLANG_WARN_COMMA = YES;
				CLANG_WARN_CONSTANT_CONVERSION = YES;
				CLANG_WARN_DEPRECATED_OBJC_IMPLEMENTATIONS = YES;
				CLANG_WARN_DIRECT_OBJC_ISA_USAGE = YES_ERROR;
				CLANG_WARN_DOCUMENTATION_COMMENTS = YES;
				CLANG_WARN_EMPTY_BODY = YES;
				CLANG_WARN_ENUM_CONVERSION = YES;
				CLANG_WARN_INFINITE_RECURSION = YES;
				CLANG_WARN_INT_CONVERSION = YES;
				CLANG_WARN_NON_LITERAL_NULL_CONVERSION = YES;
				CLANG_WARN_OBJC_IMPLICIT_RETAIN_SELF = YES;
				CLANG_WARN_OBJC_LITERAL_CONVERSION = YES;
				CLANG_WARN_OBJC_ROOT_CLASS = YES_ERROR;
				CLANG_WARN_RANGE_LOOP_ANALYSIS = YES;
				CLANG_WARN_STRICT_PROTOTYPES = YES;
				CLANG_WARN_SUSPICIOUS_MOVE = YES;
				CLANG_WARN_UNGUARDED_AVAILABILITY = YES_AGGRESSIVE;
				CLANG_WARN_UNREACHABLE_CODE = YES;
				CLANG_WARN__DUPLICATE_METHOD_MATCH = YES;
				CODE_SIGN_IDENTITY = "iPhone Developer";
				COPY_PHASE_STRIP = NO;
				DEBUG_INFORMATION_FORMAT = dwarf;
				ENABLE_STRICT_OBJC_MSGSEND = YES;
				ENABLE_TESTABILITY = YES;
				GCC_C_LANGUAGE_STANDARD = gnu11;
				GCC_DYNAMIC_NO_PIC = NO;
				GCC_NO_COMMON_BLOCKS = YES;
				GCC_OPTIMIZATION_LEVEL = 0;
				GCC_PREPROCESSOR_DEFINITIONS = (
					"DEBUG=1",
					"$(inherited)",
				);
				GCC_WARN_64_TO_32_BIT_CONVERSION = YES;
				GCC_WARN_ABOUT_RETURN_TYPE = YES_ERROR;
				GCC_WARN_UNDECLARED_SELECTOR = YES;
				GCC_WARN_UNINITIALIZED_AUTOS = YES_AGGRESSIVE;
				GCC_WARN_UNUSED_FUNCTION = YES;
				GCC_WARN_UNUSED_VARIABLE = YES;
				IPHONEOS_DEPLOYMENT_TARGET = 11.3;
				MTL_ENABLE_DEBUG_INFO = YES;
				ONLY_ACTIVE_ARCH = YES;
				SDKROOT = iphoneos;
				SWIFT_ACTIVE_COMPILATION_CONDITIONS = DEBUG;
				SWIFT_OPTIMIZATION_LEVEL = "-Onone";
			};
			name = Debug;
		};
		F1E25C912077D623009CC50E /* Release */ = {
			isa = XCBuildConfiguration;
			buildSettings = {
				ALWAYS_SEARCH_USER_PATHS = NO;
				CLANG_ANALYZER_NONNULL = YES;
				CLANG_ANALYZER_NUMBER_OBJECT_CONVERSION = YES_AGGRESSIVE;
				CLANG_CXX_LANGUAGE_STANDARD = "gnu++14";
				CLANG_CXX_LIBRARY = "libc++";
				CLANG_ENABLE_MODULES = YES;
				CLANG_ENABLE_OBJC_ARC = YES;
				CLANG_ENABLE_OBJC_WEAK = YES;
				CLANG_WARN_BLOCK_CAPTURE_AUTORELEASING = YES;
				CLANG_WARN_BOOL_CONVERSION = YES;
				CLANG_WARN_COMMA = YES;
				CLANG_WARN_CONSTANT_CONVERSION = YES;
				CLANG_WARN_DEPRECATED_OBJC_IMPLEMENTATIONS = YES;
				CLANG_WARN_DIRECT_OBJC_ISA_USAGE = YES_ERROR;
				CLANG_WARN_DOCUMENTATION_COMMENTS = YES;
				CLANG_WARN_EMPTY_BODY = YES;
				CLANG_WARN_ENUM_CONVERSION = YES;
				CLANG_WARN_INFINITE_RECURSION = YES;
				CLANG_WARN_INT_CONVERSION = YES;
				CLANG_WARN_NON_LITERAL_NULL_CONVERSION = YES;
				CLANG_WARN_OBJC_IMPLICIT_RETAIN_SELF = YES;
				CLANG_WARN_OBJC_LITERAL_CONVERSION = YES;
				CLANG_WARN_OBJC_ROOT_CLASS = YES_ERROR;
				CLANG_WARN_RANGE_LOOP_ANALYSIS = YES;
				CLANG_WARN_STRICT_PROTOTYPES = YES;
				CLANG_WARN_SUSPICIOUS_MOVE = YES;
				CLANG_WARN_UNGUARDED_AVAILABILITY = YES_AGGRESSIVE;
				CLANG_WARN_UNREACHABLE_CODE = YES;
				CLANG_WARN__DUPLICATE_METHOD_MATCH = YES;
				CODE_SIGN_IDENTITY = "iPhone Developer";
				COPY_PHASE_STRIP = NO;
				DEBUG_INFORMATION_FORMAT = "dwarf-with-dsym";
				ENABLE_NS_ASSERTIONS = NO;
				ENABLE_STRICT_OBJC_MSGSEND = YES;
				GCC_C_LANGUAGE_STANDARD = gnu11;
				GCC_NO_COMMON_BLOCKS = YES;
				GCC_WARN_64_TO_32_BIT_CONVERSION = YES;
				GCC_WARN_ABOUT_RETURN_TYPE = YES_ERROR;
				GCC_WARN_UNDECLARED_SELECTOR = YES;
				GCC_WARN_UNINITIALIZED_AUTOS = YES_AGGRESSIVE;
				GCC_WARN_UNUSED_FUNCTION = YES;
				GCC_WARN_UNUSED_VARIABLE = YES;
				IPHONEOS_DEPLOYMENT_TARGET = 11.3;
				MTL_ENABLE_DEBUG_INFO = NO;
				SDKROOT = iphoneos;
				SWIFT_COMPILATION_MODE = wholemodule;
				SWIFT_OPTIMIZATION_LEVEL = "-O";
				VALIDATE_PRODUCT = YES;
			};
			name = Release;
		};
		F1E25C932077D623009CC50E /* Debug */ = {
			isa = XCBuildConfiguration;
			buildSettings = {
				ASSETCATALOG_COMPILER_APPICON_NAME = AppIcon;
				CODE_SIGN_STYLE = Automatic;
				DEVELOPMENT_TEAM = EH966UUX4K;
				INFOPLIST_FILE = GestureViewController/Info.plist;
				IPHONEOS_DEPLOYMENT_TARGET = 11.0;
				LD_RUNPATH_SEARCH_PATHS = (
					"$(inherited)",
					"@executable_path/Frameworks",
				);
				PRODUCT_BUNDLE_IDENTIFIER = com.garyguan.GestureViewController;
				PRODUCT_NAME = "$(TARGET_NAME)";
				SWIFT_VERSION = 4.0;
				TARGETED_DEVICE_FAMILY = "1,2";
			};
			name = Debug;
		};
		F1E25C942077D623009CC50E /* Release */ = {
			isa = XCBuildConfiguration;
			buildSettings = {
				ASSETCATALOG_COMPILER_APPICON_NAME = AppIcon;
				CODE_SIGN_STYLE = Automatic;
				DEVELOPMENT_TEAM = EH966UUX4K;
				INFOPLIST_FILE = GestureViewController/Info.plist;
				IPHONEOS_DEPLOYMENT_TARGET = 11.0;
				LD_RUNPATH_SEARCH_PATHS = (
					"$(inherited)",
					"@executable_path/Frameworks",
				);
				PRODUCT_BUNDLE_IDENTIFIER = com.garyguan.GestureViewController;
				PRODUCT_NAME = "$(TARGET_NAME)";
				SWIFT_VERSION = 4.0;
				TARGETED_DEVICE_FAMILY = "1,2";
			};
			name = Release;
		};
/* End XCBuildConfiguration section */

/* Begin XCConfigurationList section */
		F1E25C7B2077D622009CC50E /* Build configuration list for PBXProject "GestureViewController" */ = {
			isa = XCConfigurationList;
			buildConfigurations = (
				F1E25C902077D623009CC50E /* Debug */,
				F1E25C912077D623009CC50E /* Release */,
			);
			defaultConfigurationIsVisible = 0;
			defaultConfigurationName = Release;
		};
		F1E25C922077D623009CC50E /* Build configuration list for PBXNativeTarget "GestureViewController" */ = {
			isa = XCConfigurationList;
			buildConfigurations = (
				F1E25C932077D623009CC50E /* Debug */,
				F1E25C942077D623009CC50E /* Release */,
			);
			defaultConfigurationIsVisible = 0;
			defaultConfigurationName = Release;
		};
/* End XCConfigurationList section */
	};
	rootObject = F1E25C782077D622009CC50E /* Project object */;
}
